
Microsoft Visual Studio Solution File, Format Version 12.00
# Visual Studio Version 17
VisualStudioVersion = 17.0.32014.148
MinimumVisualStudioVersion = 10.0.40219.1
Project("{FAE04EC0-301F-11D3-BF4B-00C04F79EFBC}") = "ChatService", "ChatService\ChatService.csproj", "{6B28E07C-F6E2-4009-BBB8-79C17B8580D3}"
EndProject
Global
	GlobalSection(SolutionConfigurationPlatforms) = preSolution
		Debug|Any CPU = Debug|Any CPU
		Release|Any CPU = Release|Any CPU
	EndGlobalSection
	GlobalSection(ProjectConfigurationPlatforms) = postSolution
		{6B28E07C-F6E2-4009-BBB8-79C17B8580D3}.Debug|Any CPU.ActiveCfg = Debug|Any CPU
		{6B28E07C-F6E2-4009-BBB8-79C17B8580D3}.Debug|Any CPU.Build.0 = Debug|Any CPU
		{6B28E07C-F6E2-4009-BBB8-79C17B8580D3}.Release|Any CPU.ActiveCfg = Release|Any CPU
		{6B28E07C-F6E2-4009-BBB8-79C17B8580D3}.Release|Any CPU.Build.0 = Release|Any CPU
	EndGlobalSection
	GlobalSection(SolutionProperties) = preSolution
		HideSolutionNode = FALSE
	EndGlobalSection
	GlobalSection(ExtensibilityGlobals) = postSolution
		SolutionGuid = {82AF2CF9-C5E2-485A-8989-FBDFA0DD3D24}
	EndGlobalSection
EndGlobal
